
Microsoft Visual Studio Solution File, Format Version 12.00
# Visual Studio Version 17
VisualStudioVersion = 17.0.32126.317
MinimumVisualStudioVersion = 10.0.40219.1
Project("{FAE04EC0-301F-11D3-BF4B-00C04F79EFBC}") = "RedisStreamTest", "RedisStreamTest\RedisStreamTest.csproj", "{76EB7D54-DE37-49DB-A3C2-88A5C646E61C}"
EndProject
Global
	GlobalSection(SolutionConfigurationPlatforms) = preSolution
		Debug|Any CPU = Debug|Any CPU
		Release|Any CPU = Release|Any CPU
	EndGlobalSection
	GlobalSection(ProjectConfigurationPlatforms) = postSolution
		{76EB7D54-DE37-49DB-A3C2-88A5C646E61C}.Debug|Any CPU.ActiveCfg = Debug|Any CPU
		{76EB7D54-DE37-49DB-A3C2-88A5C646E61C}.Debug|Any CPU.Build.0 = Debug|Any CPU
		{76EB7D54-DE37-49DB-A3C2-88A5C646E61C}.Release|Any CPU.ActiveCfg = Release|Any CPU
		{76EB7D54-DE37-49DB-A3C2-88A5C646E61C}.Release|Any CPU.Build.0 = Release|Any CPU
	EndGlobalSection
	GlobalSection(SolutionProperties) = preSolution
		HideSolutionNode = FALSE
	EndGlobalSection
	GlobalSection(ExtensibilityGlobals) = postSolution
		SolutionGuid = {BE3A90EA-0933-4371-A7E2-5CE15A3A3462}
	EndGlobalSection
EndGlobal
